
Microsoft Visual Studio Solution File, Format Version 12.00
# Visual Studio Version 17
VisualStudioVersion = 17.14.36301.6 d17.14
MinimumVisualStudioVersion = 10.0.40219.1
Project("{FAE04EC0-301F-11D3-BF4B-00C04F79EFBC}") = "Web01", "Web01.csproj", "{4447311B-586A-427D-96D9-0655B3FFC373}"
EndProject
Global
	GlobalSection(SolutionConfigurationPlatforms) = preSolution
		Debug|Any CPU = Debug|Any CPU
		Release|Any CPU = Release|Any CPU
	EndGlobalSection
	GlobalSection(ProjectConfigurationPlatforms) = postSolution
		{4447311B-586A-427D-96D9-0655B3FFC373}.Debug|Any CPU.ActiveCfg = Debug|Any CPU
		{4447311B-586A-427D-96D9-0655B3FFC373}.Debug|Any CPU.Build.0 = Debug|Any CPU
		{4447311B-586A-427D-96D9-0655B3FFC373}.Release|Any CPU.ActiveCfg = Release|Any CPU
		{4447311B-586A-427D-96D9-0655B3FFC373}.Release|Any CPU.Build.0 = Release|Any CPU
	EndGlobalSection
	GlobalSection(SolutionProperties) = preSolution
		HideSolutionNode = FALSE
	EndGlobalSection
	GlobalSection(ExtensibilityGlobals) = postSolution
		SolutionGuid = {17C425B9-3F43-4030-BE8F-267210A569FF}
	EndGlobalSection
EndGlobal
